
Microsoft Visual Studio Solution File, Format Version 12.00
# Visual Studio 2012
Project("{2150E333-8FDC-42A3-9474-1A3956D46DE8}") = "Solution Items", "Solution Items", "{473BBA61-1281-4472-862B-2D6D679295F9}"
	ProjectSection(SolutionItems) = preProject
		Settings.StyleCop = Settings.StyleCop
	EndProjectSection
EndProject
Project("{2150E333-8FDC-42A3-9474-1A3956D46DE8}") = "Tests", "Tests", "{BF459CE8-0F92-4823-B1A3-2091E4183FA6}"
EndProject
Project("{FAE04EC0-301F-11D3-BF4B-00C04F79EFBC}") = "Lbk.Mobile.Core", "Lbk.Mobile.Core\Lbk.Mobile.Core.csproj", "{64E36D12-5247-4D85-B9C4-BE09937B9185}"
EndProject
Project("{FAE04EC0-301F-11D3-BF4B-00C04F79EFBC}") = "Lbk.Mobile.Localization", "Lbk.Mobile.Localization\Lbk.Mobile.Localization.csproj", "{1519D84E-FCDD-45BA-9F1C-161A01E24FE0}"
EndProject
Project("{FAE04EC0-301F-11D3-BF4B-00C04F79EFBC}") = "Lbk.Mobile.Model", "Lbk.Mobile.Model\Lbk.Mobile.Model.csproj", "{8A5C8E87-48F9-4ACC-9AB3-CA91B34772EE}"
EndProject
Project("{2150E333-8FDC-42A3-9474-1A3956D46DE8}") = "Plugins", "Plugins", "{AB9B6CE4-C617-4113-A770-7C9976D174AA}"
EndProject
Project("{2150E333-8FDC-42A3-9474-1A3956D46DE8}") = "DeviceIdentifier", "DeviceIdentifier", "{A853016C-6BCC-4946-BD0C-FDDF894A9A32}"
EndProject
Project("{FAE04EC0-301F-11D3-BF4B-00C04F79EFBC}") = "AndroidClassLibrary", "Tests\AndroidClassLibrary\AndroidClassLibrary.csproj", "{B080457F-3282-4B85-96D6-6FBFBEADDCA4}"
EndProject
Project("{FAE04EC0-301F-11D3-BF4B-00C04F79EFBC}") = "AndroidTest", "Tests\AndroidTest\AndroidTest.csproj", "{BF8B91DF-1962-497A-95B6-240D707CF702}"
EndProject
Project("{FAE04EC0-301F-11D3-BF4B-00C04F79EFBC}") = "ServiceClient", "Tests\ServiceClient\ServiceClient.csproj", "{D25A31B2-ADAE-4B6C-B526-B444D491C3AF}"
EndProject
Project("{FAE04EC0-301F-11D3-BF4B-00C04F79EFBC}") = "ServiceClient.Pcl", "Tests\ServiceClient.Pcl\ServiceClient.Pcl.csproj", "{71367444-7871-43E5-94DE-B6B9EF5FC97D}"
EndProject
Project("{FAE04EC0-301F-11D3-BF4B-00C04F79EFBC}") = "SoapTest", "Tests\SoapTest\SoapTest.csproj", "{71FAB04C-9187-41AA-AF74-B07CF25D916F}"
EndProject
Project("{FAE04EC0-301F-11D3-BF4B-00C04F79EFBC}") = "Lbk.Mobile.Core.Test", "Tests\Lbk.Mobile.Core.Test\Lbk.Mobile.Core.Test.csproj", "{4D3F4B5D-409A-42EC-BB5C-FE3E05EA2B71}"
EndProject
Project("{FAE04EC0-301F-11D3-BF4B-00C04F79EFBC}") = "Lbk.Mobile.Plugin.DeviceIdentifier", "Plugins\DeviceIdentifier\Lbk.Mobile.Plugin.DeviceIdentifier\Lbk.Mobile.Plugin.DeviceIdentifier.csproj", "{771F2E74-9365-4C8C-8C62-C8E3A5F08D8B}"
EndProject
Project("{2150E333-8FDC-42A3-9474-1A3956D46DE8}") = "Settings", "Settings", "{2A654FF5-A82D-4311-8826-ECA94C5FEF0E}"
EndProject
Project("{FAE04EC0-301F-11D3-BF4B-00C04F79EFBC}") = "Lbk.Mobile.Plugin.Settings", "Plugins\Settings\Lbk.Mobile.Plugin.Settings\Lbk.Mobile.Plugin.Settings.csproj", "{98B92483-7A7E-4DA4-B7EA-0DD5F132264D}"
EndProject
Project("{FAE04EC0-301F-11D3-BF4B-00C04F79EFBC}") = "Lbk.Mobile.Data", "Lbk.Mobile.Data\Lbk.Mobile.Data.csproj", "{10700230-8C64-41F7-8DD2-9A693E7DD0F0}"
EndProject
Project("{FAE04EC0-301F-11D3-BF4B-00C04F79EFBC}") = "Lbk.Mobile.Common", "Lbk.Mobile.Common\Lbk.Mobile.Common.csproj", "{6A7D73D4-92CD-4760-9309-E211709DA0DF}"
EndProject
Project("{FAE04EC0-301F-11D3-BF4B-00C04F79EFBC}") = "Lbk.Mobile.Common.Test", "Tests\Lbk.Mobile.Common.Test\Lbk.Mobile.Common.Test.csproj", "{3E1DF4C3-9551-4847-94AD-1D07B525124F}"
EndProject
Project("{FAE04EC0-301F-11D3-BF4B-00C04F79EFBC}") = "Lbk.Mobile.Plugin.Settings.Droid", "Plugins\Settings\Lbk.Mobile.Plugin.Settings.Droid\Lbk.Mobile.Plugin.Settings.Droid.csproj", "{8F41FC68-5A72-4DCB-950A-F52CDCA41D80}"
EndProject
Project("{FAE04EC0-301F-11D3-BF4B-00C04F79EFBC}") = "Lbk.Mobile.Plugin.DeviceIdentifier.Droid", "Plugins\DeviceIdentifier\Lbk.Mobile.Plugin.DeviceIdentifier.Droid\Lbk.Mobile.Plugin.DeviceIdentifier.Droid.csproj", "{46CE9CF2-E7C6-4D5C-8B36-23D4FC2C9D98}"
EndProject
Project("{FAE04EC0-301F-11D3-BF4B-00C04F79EFBC}") = "Lbk.Mobile.UI.Android", "Lbk.Mobile.UI.Android\Lbk.Mobile.UI.Android.csproj", "{FFC48F3C-F8E2-4BBF-8147-588B588A75E0}"
EndProject
Project("{2150E333-8FDC-42A3-9474-1A3956D46DE8}") = "Reachability", "Reachability", "{9EFD0F84-CFD3-45CD-ACDE-E1C43F68CC3A}"
EndProject
Project("{FAE04EC0-301F-11D3-BF4B-00C04F79EFBC}") = "Lbk.Mobile.Plugin.Reachability.Droid", "Plugins\Reachability\Lbk.Mobile.Plugin.Reachability.Droid\Lbk.Mobile.Plugin.Reachability.Droid.csproj", "{9CABAB9C-B303-4891-A75C-3E8AFB1B4915}"
EndProject
Project("{FAE04EC0-301F-11D3-BF4B-00C04F79EFBC}") = "Lbk.Mobile.Plugin.Reachability", "Lbk.Mobile.Plugin.Reachability\Lbk.Mobile.Plugin.Reachability.csproj", "{9C5553A4-F75A-4AD0-8F09-C5E77EFF4828}"
EndProject
Global
	GlobalSection(SolutionConfigurationPlatforms) = preSolution
		Debug|Any CPU = Debug|Any CPU
		Release|Any CPU = Release|Any CPU
	EndGlobalSection
	GlobalSection(ProjectConfigurationPlatforms) = postSolution
		{64E36D12-5247-4D85-B9C4-BE09937B9185}.Debug|Any CPU.ActiveCfg = Debug|Any CPU
		{64E36D12-5247-4D85-B9C4-BE09937B9185}.Debug|Any CPU.Build.0 = Debug|Any CPU
		{64E36D12-5247-4D85-B9C4-BE09937B9185}.Release|Any CPU.ActiveCfg = Release|Any CPU
		{64E36D12-5247-4D85-B9C4-BE09937B9185}.Release|Any CPU.Build.0 = Release|Any CPU
		{1519D84E-FCDD-45BA-9F1C-161A01E24FE0}.Debug|Any CPU.ActiveCfg = Debug|Any CPU
		{1519D84E-FCDD-45BA-9F1C-161A01E24FE0}.Debug|Any CPU.Build.0 = Debug|Any CPU
		{1519D84E-FCDD-45BA-9F1C-161A01E24FE0}.Release|Any CPU.ActiveCfg = Release|Any CPU
		{1519D84E-FCDD-45BA-9F1C-161A01E24FE0}.Release|Any CPU.Build.0 = Release|Any CPU
		{8A5C8E87-48F9-4ACC-9AB3-CA91B34772EE}.Debug|Any CPU.ActiveCfg = Debug|Any CPU
		{8A5C8E87-48F9-4ACC-9AB3-CA91B34772EE}.Debug|Any CPU.Build.0 = Debug|Any CPU
		{8A5C8E87-48F9-4ACC-9AB3-CA91B34772EE}.Release|Any CPU.ActiveCfg = Release|Any CPU
		{8A5C8E87-48F9-4ACC-9AB3-CA91B34772EE}.Release|Any CPU.Build.0 = Release|Any CPU
		{B080457F-3282-4B85-96D6-6FBFBEADDCA4}.Debug|Any CPU.ActiveCfg = Debug|Any CPU
		{B080457F-3282-4B85-96D6-6FBFBEADDCA4}.Debug|Any CPU.Build.0 = Debug|Any CPU
		{B080457F-3282-4B85-96D6-6FBFBEADDCA4}.Release|Any CPU.ActiveCfg = Release|Any CPU
		{B080457F-3282-4B85-96D6-6FBFBEADDCA4}.Release|Any CPU.Build.0 = Release|Any CPU
		{BF8B91DF-1962-497A-95B6-240D707CF702}.Debug|Any CPU.ActiveCfg = Debug|Any CPU
		{BF8B91DF-1962-497A-95B6-240D707CF702}.Debug|Any CPU.Build.0 = Debug|Any CPU
		{BF8B91DF-1962-497A-95B6-240D707CF702}.Debug|Any CPU.Deploy.0 = Debug|Any CPU
		{BF8B91DF-1962-497A-95B6-240D707CF702}.Release|Any CPU.ActiveCfg = Release|Any CPU
		{BF8B91DF-1962-497A-95B6-240D707CF702}.Release|Any CPU.Build.0 = Release|Any CPU
		{BF8B91DF-1962-497A-95B6-240D707CF702}.Release|Any CPU.Deploy.0 = Release|Any CPU
		{D25A31B2-ADAE-4B6C-B526-B444D491C3AF}.Debug|Any CPU.ActiveCfg = Debug|Any CPU
		{D25A31B2-ADAE-4B6C-B526-B444D491C3AF}.Debug|Any CPU.Build.0 = Debug|Any CPU
		{D25A31B2-ADAE-4B6C-B526-B444D491C3AF}.Release|Any CPU.ActiveCfg = Release|Any CPU
		{D25A31B2-ADAE-4B6C-B526-B444D491C3AF}.Release|Any CPU.Build.0 = Release|Any CPU
		{71367444-7871-43E5-94DE-B6B9EF5FC97D}.Debug|Any CPU.ActiveCfg = Debug|Any CPU
		{71367444-7871-43E5-94DE-B6B9EF5FC97D}.Debug|Any CPU.Build.0 = Debug|Any CPU
		{71367444-7871-43E5-94DE-B6B9EF5FC97D}.Release|Any CPU.ActiveCfg = Release|Any CPU
		{71367444-7871-43E5-94DE-B6B9EF5FC97D}.Release|Any CPU.Build.0 = Release|Any CPU
		{71FAB04C-9187-41AA-AF74-B07CF25D916F}.Debug|Any CPU.ActiveCfg = Debug|Any CPU
		{71FAB04C-9187-41AA-AF74-B07CF25D916F}.Debug|Any CPU.Build.0 = Debug|Any CPU
		{71FAB04C-9187-41AA-AF74-B07CF25D916F}.Release|Any CPU.ActiveCfg = Release|Any CPU
		{71FAB04C-9187-41AA-AF74-B07CF25D916F}.Release|Any CPU.Build.0 = Release|Any CPU
		{4D3F4B5D-409A-42EC-BB5C-FE3E05EA2B71}.Debug|Any CPU.ActiveCfg = Debug|Any CPU
		{4D3F4B5D-409A-42EC-BB5C-FE3E05EA2B71}.Debug|Any CPU.Build.0 = Debug|Any CPU
		{4D3F4B5D-409A-42EC-BB5C-FE3E05EA2B71}.Release|Any CPU.ActiveCfg = Release|Any CPU
		{4D3F4B5D-409A-42EC-BB5C-FE3E05EA2B71}.Release|Any CPU.Build.0 = Release|Any CPU
		{771F2E74-9365-4C8C-8C62-C8E3A5F08D8B}.Debug|Any CPU.ActiveCfg = Debug|Any CPU
		{771F2E74-9365-4C8C-8C62-C8E3A5F08D8B}.Debug|Any CPU.Build.0 = Debug|Any CPU
		{771F2E74-9365-4C8C-8C62-C8E3A5F08D8B}.Release|Any CPU.ActiveCfg = Release|Any CPU
		{771F2E74-9365-4C8C-8C62-C8E3A5F08D8B}.Release|Any CPU.Build.0 = Release|Any CPU
		{98B92483-7A7E-4DA4-B7EA-0DD5F132264D}.Debug|Any CPU.ActiveCfg = Debug|Any CPU
		{98B92483-7A7E-4DA4-B7EA-0DD5F132264D}.Debug|Any CPU.Build.0 = Debug|Any CPU
		{98B92483-7A7E-4DA4-B7EA-0DD5F132264D}.Release|Any CPU.ActiveCfg = Release|Any CPU
		{98B92483-7A7E-4DA4-B7EA-0DD5F132264D}.Release|Any CPU.Build.0 = Release|Any CPU
		{10700230-8C64-41F7-8DD2-9A693E7DD0F0}.Debug|Any CPU.ActiveCfg = Debug|Any CPU
		{10700230-8C64-41F7-8DD2-9A693E7DD0F0}.Debug|Any CPU.Build.0 = Debug|Any CPU
		{10700230-8C64-41F7-8DD2-9A693E7DD0F0}.Release|Any CPU.ActiveCfg = Release|Any CPU
		{10700230-8C64-41F7-8DD2-9A693E7DD0F0}.Release|Any CPU.Build.0 = Release|Any CPU
		{6A7D73D4-92CD-4760-9309-E211709DA0DF}.Debug|Any CPU.ActiveCfg = Debug|Any CPU
		{6A7D73D4-92CD-4760-9309-E211709DA0DF}.Debug|Any CPU.Build.0 = Debug|Any CPU
		{6A7D73D4-92CD-4760-9309-E211709DA0DF}.Release|Any CPU.ActiveCfg = Release|Any CPU
		{6A7D73D4-92CD-4760-9309-E211709DA0DF}.Release|Any CPU.Build.0 = Release|Any CPU
		{3E1DF4C3-9551-4847-94AD-1D07B525124F}.Debug|Any CPU.ActiveCfg = Debug|Any CPU
		{3E1DF4C3-9551-4847-94AD-1D07B525124F}.Debug|Any CPU.Build.0 = Debug|Any CPU
		{3E1DF4C3-9551-4847-94AD-1D07B525124F}.Release|Any CPU.ActiveCfg = Release|Any CPU
		{3E1DF4C3-9551-4847-94AD-1D07B525124F}.Release|Any CPU.Build.0 = Release|Any CPU
		{8F41FC68-5A72-4DCB-950A-F52CDCA41D80}.Debug|Any CPU.ActiveCfg = Debug|Any CPU
		{8F41FC68-5A72-4DCB-950A-F52CDCA41D80}.Debug|Any CPU.Build.0 = Debug|Any CPU
		{8F41FC68-5A72-4DCB-950A-F52CDCA41D80}.Release|Any CPU.ActiveCfg = Release|Any CPU
		{8F41FC68-5A72-4DCB-950A-F52CDCA41D80}.Release|Any CPU.Build.0 = Release|Any CPU
		{46CE9CF2-E7C6-4D5C-8B36-23D4FC2C9D98}.Debug|Any CPU.ActiveCfg = Debug|Any CPU
		{46CE9CF2-E7C6-4D5C-8B36-23D4FC2C9D98}.Debug|Any CPU.Build.0 = Debug|Any CPU
		{46CE9CF2-E7C6-4D5C-8B36-23D4FC2C9D98}.Release|Any CPU.ActiveCfg = Release|Any CPU
		{46CE9CF2-E7C6-4D5C-8B36-23D4FC2C9D98}.Release|Any CPU.Build.0 = Release|Any CPU
		{FFC48F3C-F8E2-4BBF-8147-588B588A75E0}.Debug|Any CPU.ActiveCfg = Debug|Any CPU
		{FFC48F3C-F8E2-4BBF-8147-588B588A75E0}.Debug|Any CPU.Build.0 = Debug|Any CPU
		{FFC48F3C-F8E2-4BBF-8147-588B588A75E0}.Debug|Any CPU.Deploy.0 = Debug|Any CPU
		{FFC48F3C-F8E2-4BBF-8147-588B588A75E0}.Release|Any CPU.ActiveCfg = Release|Any CPU
		{FFC48F3C-F8E2-4BBF-8147-588B588A75E0}.Release|Any CPU.Build.0 = Release|Any CPU
		{FFC48F3C-F8E2-4BBF-8147-588B588A75E0}.Release|Any CPU.Deploy.0 = Release|Any CPU
		{9CABAB9C-B303-4891-A75C-3E8AFB1B4915}.Debug|Any CPU.ActiveCfg = Debug|Any CPU
		{9CABAB9C-B303-4891-A75C-3E8AFB1B4915}.Debug|Any CPU.Build.0 = Debug|Any CPU
		{9CABAB9C-B303-4891-A75C-3E8AFB1B4915}.Release|Any CPU.ActiveCfg = Release|Any CPU
		{9CABAB9C-B303-4891-A75C-3E8AFB1B4915}.Release|Any CPU.Build.0 = Release|Any CPU
		{9C5553A4-F75A-4AD0-8F09-C5E77EFF4828}.Debug|Any CPU.ActiveCfg = Debug|Any CPU
		{9C5553A4-F75A-4AD0-8F09-C5E77EFF4828}.Debug|Any CPU.Build.0 = Debug|Any CPU
		{9C5553A4-F75A-4AD0-8F09-C5E77EFF4828}.Release|Any CPU.ActiveCfg = Release|Any CPU
		{9C5553A4-F75A-4AD0-8F09-C5E77EFF4828}.Release|Any CPU.Build.0 = Release|Any CPU
	EndGlobalSection
	GlobalSection(SolutionProperties) = preSolution
		HideSolutionNode = FALSE
	EndGlobalSection
	GlobalSection(NestedProjects) = preSolution
		{B080457F-3282-4B85-96D6-6FBFBEADDCA4} = {BF459CE8-0F92-4823-B1A3-2091E4183FA6}
		{BF8B91DF-1962-497A-95B6-240D707CF702} = {BF459CE8-0F92-4823-B1A3-2091E4183FA6}
		{D25A31B2-ADAE-4B6C-B526-B444D491C3AF} = {BF459CE8-0F92-4823-B1A3-2091E4183FA6}
		{71367444-7871-43E5-94DE-B6B9EF5FC97D} = {BF459CE8-0F92-4823-B1A3-2091E4183FA6}
		{71FAB04C-9187-41AA-AF74-B07CF25D916F} = {BF459CE8-0F92-4823-B1A3-2091E4183FA6}
		{4D3F4B5D-409A-42EC-BB5C-FE3E05EA2B71} = {BF459CE8-0F92-4823-B1A3-2091E4183FA6}
		{3E1DF4C3-9551-4847-94AD-1D07B525124F} = {BF459CE8-0F92-4823-B1A3-2091E4183FA6}
		{A853016C-6BCC-4946-BD0C-FDDF894A9A32} = {AB9B6CE4-C617-4113-A770-7C9976D174AA}
		{2A654FF5-A82D-4311-8826-ECA94C5FEF0E} = {AB9B6CE4-C617-4113-A770-7C9976D174AA}
		{9EFD0F84-CFD3-45CD-ACDE-E1C43F68CC3A} = {AB9B6CE4-C617-4113-A770-7C9976D174AA}
		{771F2E74-9365-4C8C-8C62-C8E3A5F08D8B} = {A853016C-6BCC-4946-BD0C-FDDF894A9A32}
		{46CE9CF2-E7C6-4D5C-8B36-23D4FC2C9D98} = {A853016C-6BCC-4946-BD0C-FDDF894A9A32}
		{98B92483-7A7E-4DA4-B7EA-0DD5F132264D} = {2A654FF5-A82D-4311-8826-ECA94C5FEF0E}
		{8F41FC68-5A72-4DCB-950A-F52CDCA41D80} = {2A654FF5-A82D-4311-8826-ECA94C5FEF0E}
		{9CABAB9C-B303-4891-A75C-3E8AFB1B4915} = {9EFD0F84-CFD3-45CD-ACDE-E1C43F68CC3A}
		{9C5553A4-F75A-4AD0-8F09-C5E77EFF4828} = {9EFD0F84-CFD3-45CD-ACDE-E1C43F68CC3A}
	EndGlobalSection
EndGlobal
